// !$*UTF8*$!
{
	archiveVersion = 1;
	classes = {
	};
	objectVersion = 46;
	objects = {

/* Begin PBXBuildFile section */
		171E11348B10FF74DAC8A83F /* Pods_CleverVibes.framework in Frameworks */ = {isa = PBXBuildFile; fileRef = CE17420D1E93D285710C94FB /* Pods_CleverVibes.framework */; };
		9B0A0DB31EAEA3EA0087D175 /* VibeTableCell.xib in Resources */ = {isa = PBXBuildFile; fileRef = 9B0A0DB21EAEA3EA0087D175 /* VibeTableCell.xib */; };
		9B0A0DB51EAEA93D0087D175 /* ScoreTableViewController.swift in Sources */ = {isa = PBXBuildFile; fileRef = 9B0A0DB41EAEA93D0087D175 /* ScoreTableViewController.swift */; };
		9B0A0DB71EAFD2950087D175 /* VibeTableCell.swift in Sources */ = {isa = PBXBuildFile; fileRef = 9B0A0DB61EAFD2950087D175 /* VibeTableCell.swift */; };
		9B0A0DB91EAFE09A0087D175 /* GalleryGridCell.xib in Resources */ = {isa = PBXBuildFile; fileRef = 9B0A0DB81EAFE09A0087D175 /* GalleryGridCell.xib */; };
		9B0A0DBD1EAFF3520087D175 /* GalleryCollectionViewController.swift in Sources */ = {isa = PBXBuildFile; fileRef = 9B0A0DBC1EAFF3520087D175 /* GalleryCollectionViewController.swift */; };
		9B0A0DBF1EB016360087D175 /* GallerySeparatorView.xib in Resources */ = {isa = PBXBuildFile; fileRef = 9B0A0DBE1EB016360087D175 /* GallerySeparatorView.xib */; };
		9B0A0DC11EB016C60087D175 /* GallerySeparatorView.swift in Sources */ = {isa = PBXBuildFile; fileRef = 9B0A0DC01EB016C60087D175 /* GallerySeparatorView.swift */; };
		9B0A0DC31EB02B3C0087D175 /* VibePageViewController.swift in Sources */ = {isa = PBXBuildFile; fileRef = 9B0A0DC21EB02B3C0087D175 /* VibePageViewController.swift */; };
		9B0A0DCA1EB0E2E50087D175 /* VibeWriteArtSelectionViewController.swift in Sources */ = {isa = PBXBuildFile; fileRef = 9B0A0DC91EB0E2E50087D175 /* VibeWriteArtSelectionViewController.swift */; };
		9B0A0DCC1EB0E4B60087D175 /* AnswerArtSelectionViewController.swift in Sources */ = {isa = PBXBuildFile; fileRef = 9B0A0DCB1EB0E4B60087D175 /* AnswerArtSelectionViewController.swift */; };
		9B6A1F951EA72AAD00D72A31 /* VibeWriteViewController.swift in Sources */ = {isa = PBXBuildFile; fileRef = 9B6A1F941EA72AAD00D72A31 /* VibeWriteViewController.swift */; };
		9B6A1F971EA72C3E00D72A31 /* UploadVibeViewController.swift in Sources */ = {isa = PBXBuildFile; fileRef = 9B6A1F961EA72C3E00D72A31 /* UploadVibeViewController.swift */; };
		9B6A1F991EA7ADF800D72A31 /* VibeUploadController.swift in Sources */ = {isa = PBXBuildFile; fileRef = 9B6A1F981EA7ADF800D72A31 /* VibeUploadController.swift */; };
		9B910FD51EA00ABA0076386C /* IntroViewController.swift in Sources */ = {isa = PBXBuildFile; fileRef = 9B910FD41EA00ABA0076386C /* IntroViewController.swift */; };
		9B910FD91EA00AC70076386C /* GalleryGridCell.swift in Sources */ = {isa = PBXBuildFile; fileRef = 9B910FD71EA00AC70076386C /* GalleryGridCell.swift */; };
		9B910FDD1EA00AEA0076386C /* GalleryDataSource.swift in Sources */ = {isa = PBXBuildFile; fileRef = 9B910FDC1EA00AEA0076386C /* GalleryDataSource.swift */; };
		9B910FF01EA035DA0076386C /* SyncDemoTest.json in Resources */ = {isa = PBXBuildFile; fileRef = 9B910FEF1EA035DA0076386C /* SyncDemoTest.json */; };
		9B910FF21EA06CA40076386C /* ExampleDemo.json in Resources */ = {isa = PBXBuildFile; fileRef = 9B910FF11EA06CA40076386C /* ExampleDemo.json */; };
		9B910FF81EA0812A0076386C /* strippedData.json in Resources */ = {isa = PBXBuildFile; fileRef = 9B910FF71EA0812A0076386C /* strippedData.json */; };
		9B910FFA1EA0878D0076386C /* strippedDataFull.json in Resources */ = {isa = PBXBuildFile; fileRef = 9B910FF91EA0878D0076386C /* strippedDataFull.json */; };
		9B910FFC1EA08DAB0076386C /* GalleryTableViewController.swift in Sources */ = {isa = PBXBuildFile; fileRef = 9B910FFB1EA08DAB0076386C /* GalleryTableViewController.swift */; };
		9B910FFE1EA096060076386C /* ArtCollectionDataSource.swift in Sources */ = {isa = PBXBuildFile; fileRef = 9B910FFD1EA096060076386C /* ArtCollectionDataSource.swift */; };
		9B9110001EA0A3060076386C /* ArtGridCell.swift in Sources */ = {isa = PBXBuildFile; fileRef = 9B910FFF1EA0A3060076386C /* ArtGridCell.swift */; };
		9B9110021EA0A98D0076386C /* ArtGridCell.xib in Resources */ = {isa = PBXBuildFile; fileRef = 9B9110011EA0A98D0076386C /* ArtGridCell.xib */; };
		9B93BF2F1EB7C87800530C0F /* VibeCashInTableCell.xib in Resources */ = {isa = PBXBuildFile; fileRef = 9B93BF2E1EB7C87800530C0F /* VibeCashInTableCell.xib */; };
		9B93BF331EB7CF8A00530C0F /* VibeCashInGridCell.xib in Resources */ = {isa = PBXBuildFile; fileRef = 9B93BF321EB7CF8A00530C0F /* VibeCashInGridCell.xib */; };
		9B93BF351EB7D59200530C0F /* VibesCashInViewController.swift in Sources */ = {isa = PBXBuildFile; fileRef = 9B93BF341EB7D59200530C0F /* VibesCashInViewController.swift */; };
		9B93BF371EB7EFA500530C0F /* HelpViewController.swift in Sources */ = {isa = PBXBuildFile; fileRef = 9B93BF361EB7EFA500530C0F /* HelpViewController.swift */; };
		9B93BF391EB840EA00530C0F /* VibeCashInParticipationGridCell.xib in Resources */ = {isa = PBXBuildFile; fileRef = 9B93BF381EB840EA00530C0F /* VibeCashInParticipationGridCell.xib */; };
		9B93BF3B1EB8411700530C0F /* VibeCashInGridCell.swift in Sources */ = {isa = PBXBuildFile; fileRef = 9B93BF3A1EB8411700530C0F /* VibeCashInGridCell.swift */; };
		9B93BF3D1EB8417B00530C0F /* VibeCashInParticipationGridCell.swift in Sources */ = {isa = PBXBuildFile; fileRef = 9B93BF3C1EB8417B00530C0F /* VibeCashInParticipationGridCell.swift */; };
		9B93BF3F1EB91E2F00530C0F /* BeaconGalleryMapping.swift in Sources */ = {isa = PBXBuildFile; fileRef = 9B93BF3E1EB91E2F00530C0F /* BeaconGalleryMapping.swift */; };
		9B93BF411EB9250000530C0F /* BeaconController.swift in Sources */ = {isa = PBXBuildFile; fileRef = 9B93BF401EB9250000530C0F /* BeaconController.swift */; };
		9BB188C41EA6F8790096B24F /* VibeObject.swift in Sources */ = {isa = PBXBuildFile; fileRef = 9BB188C31EA6F8790096B24F /* VibeObject.swift */; };
		9BB188C61EA6FF2A0096B24F /* VibeTableViewController.swift in Sources */ = {isa = PBXBuildFile; fileRef = 9BB188C51EA6FF2A0096B24F /* VibeTableViewController.swift */; };
		9BB188C81EA70AE80096B24F /* VibeDisplayViewController.swift in Sources */ = {isa = PBXBuildFile; fileRef = 9BB188C71EA70AE80096B24F /* VibeDisplayViewController.swift */; };
		9BB188CA1EA716630096B24F /* AnswerRevealViewController.swift in Sources */ = {isa = PBXBuildFile; fileRef = 9BB188C91EA716630096B24F /* AnswerRevealViewController.swift */; };
		9BB9FE601EB1294000879725 /* ScoreController.swift in Sources */ = {isa = PBXBuildFile; fileRef = 9BB9FE5F1EB1294000879725 /* ScoreController.swift */; };
		9BD229F91EA6F252000E424E /* ArtObject.swift in Sources */ = {isa = PBXBuildFile; fileRef = 9BD229F81EA6F252000E424E /* ArtObject.swift */; };
		9BD230811EBA2DB200AE2417 /* ProfanityController.swift in Sources */ = {isa = PBXBuildFile; fileRef = 9BD230801EBA2DB200AE2417 /* ProfanityController.swift */; };
		9BE3A0801EA009FC00F66258 /* AppDelegate.swift in Sources */ = {isa = PBXBuildFile; fileRef = 9BE3A07F1EA009FC00F66258 /* AppDelegate.swift */; };
		9BE3A0821EA009FC00F66258 /* ViewController.swift in Sources */ = {isa = PBXBuildFile; fileRef = 9BE3A0811EA009FC00F66258 /* ViewController.swift */; };
		9BE3A0851EA009FC00F66258 /* Main.storyboard in Resources */ = {isa = PBXBuildFile; fileRef = 9BE3A0831EA009FC00F66258 /* Main.storyboard */; };
		9BE3A0881EA009FC00F66258 /* CleverVibes.xcdatamodeld in Sources */ = {isa = PBXBuildFile; fileRef = 9BE3A0861EA009FC00F66258 /* CleverVibes.xcdatamodeld */; };
		9BE3A08A1EA009FC00F66258 /* Assets.xcassets in Resources */ = {isa = PBXBuildFile; fileRef = 9BE3A0891EA009FC00F66258 /* Assets.xcassets */; };
		9BE3A08D1EA009FC00F66258 /* LaunchScreen.storyboard in Resources */ = {isa = PBXBuildFile; fileRef = 9BE3A08B1EA009FC00F66258 /* LaunchScreen.storyboard */; };
		9BE3A0981EA009FC00F66258 /* CleverVibesTests.swift in Sources */ = {isa = PBXBuildFile; fileRef = 9BE3A0971EA009FC00F66258 /* CleverVibesTests.swift */; };
		9BE3A0A31EA009FC00F66258 /* CleverVibesUITests.swift in Sources */ = {isa = PBXBuildFile; fileRef = 9BE3A0A21EA009FC00F66258 /* CleverVibesUITests.swift */; };
		9BE3A0B11EA00A0900F66258 /* Podfile in Resources */ = {isa = PBXBuildFile; fileRef = 9BE3A0B01EA00A0900F66258 /* Podfile */; };
		B371CC361EB3E722004992F7 /* VibesTabBarController.swift in Sources */ = {isa = PBXBuildFile; fileRef = B371CC351EB3E722004992F7 /* VibesTabBarController.swift */; };
/* End PBXBuildFile section */

/* Begin PBXContainerItemProxy section */
		9BE3A0941EA009FC00F66258 /* PBXContainerItemProxy */ = {
			isa = PBXContainerItemProxy;
			containerPortal = 9BE3A0741EA009FC00F66258 /* Project object */;
			proxyType = 1;
			remoteGlobalIDString = 9BE3A07B1EA009FC00F66258;
			remoteInfo = CleverVibes;
		};
		9BE3A09F1EA009FC00F66258 /* PBXContainerItemProxy */ = {
			isa = PBXContainerItemProxy;
			containerPortal = 9BE3A0741EA009FC00F66258 /* Project object */;
			proxyType = 1;
			remoteGlobalIDString = 9BE3A07B1EA009FC00F66258;
			remoteInfo = CleverVibes;
		};
/* End PBXContainerItemProxy section */

/* Begin PBXFileReference section */
		20C06BDC09A82DD6BB902CC0 /* Pods-CleverVibes.debug.xcconfig */ = {isa = PBXFileReference; includeInIndex = 1; lastKnownFileType = text.xcconfig; name = "Pods-CleverVibes.debug.xcconfig"; path = "Pods/Target Support Files/Pods-CleverVibes/Pods-CleverVibes.debug.xcconfig"; sourceTree = "<group>"; };
		4203057C58B3ACFD70705BB8 /* Pods-CleverVibes.release.xcconfig */ = {isa = PBXFileReference; includeInIndex = 1; lastKnownFileType = text.xcconfig; name = "Pods-CleverVibes.release.xcconfig"; path = "Pods/Target Support Files/Pods-CleverVibes/Pods-CleverVibes.release.xcconfig"; sourceTree = "<group>"; };
		9B0A0DB21EAEA3EA0087D175 /* VibeTableCell.xib */ = {isa = PBXFileReference; fileEncoding = 4; lastKnownFileType = file.xib; path = VibeTableCell.xib; sourceTree = "<group>"; };
		9B0A0DB41EAEA93D0087D175 /* ScoreTableViewController.swift */ = {isa = PBXFileReference; fileEncoding = 4; lastKnownFileType = sourcecode.swift; path = ScoreTableViewController.swift; sourceTree = "<group>"; };
		9B0A0DB61EAFD2950087D175 /* VibeTableCell.swift */ = {isa = PBXFileReference; fileEncoding = 4; lastKnownFileType = sourcecode.swift; path = VibeTableCell.swift; sourceTree = "<group>"; };
		9B0A0DB81EAFE09A0087D175 /* GalleryGridCell.xib */ = {isa = PBXFileReference; fileEncoding = 4; lastKnownFileType = file.xib; path = GalleryGridCell.xib; sourceTree = "<group>"; };
		9B0A0DBC1EAFF3520087D175 /* GalleryCollectionViewController.swift */ = {isa = PBXFileReference; fileEncoding = 4; lastKnownFileType = sourcecode.swift; path = GalleryCollectionViewController.swift; sourceTree = "<group>"; };
		9B0A0DBE1EB016360087D175 /* GallerySeparatorView.xib */ = {isa = PBXFileReference; fileEncoding = 4; lastKnownFileType = file.xib; path = GallerySeparatorView.xib; sourceTree = "<group>"; };
		9B0A0DC01EB016C60087D175 /* GallerySeparatorView.swift */ = {isa = PBXFileReference; fileEncoding = 4; lastKnownFileType = sourcecode.swift; path = GallerySeparatorView.swift; sourceTree = "<group>"; };
		9B0A0DC21EB02B3C0087D175 /* VibePageViewController.swift */ = {isa = PBXFileReference; fileEncoding = 4; lastKnownFileType = sourcecode.swift; path = VibePageViewController.swift; sourceTree = "<group>"; };
		9B0A0DC91EB0E2E50087D175 /* VibeWriteArtSelectionViewController.swift */ = {isa = PBXFileReference; fileEncoding = 4; lastKnownFileType = sourcecode.swift; path = VibeWriteArtSelectionViewController.swift; sourceTree = "<group>"; };
		9B0A0DCB1EB0E4B60087D175 /* AnswerArtSelectionViewController.swift */ = {isa = PBXFileReference; fileEncoding = 4; lastKnownFileType = sourcecode.swift; path = AnswerArtSelectionViewController.swift; sourceTree = "<group>"; };
		9B6A1F941EA72AAD00D72A31 /* VibeWriteViewController.swift */ = {isa = PBXFileReference; fileEncoding = 4; lastKnownFileType = sourcecode.swift; path = VibeWriteViewController.swift; sourceTree = "<group>"; };
		9B6A1F961EA72C3E00D72A31 /* UploadVibeViewController.swift */ = {isa = PBXFileReference; fileEncoding = 4; lastKnownFileType = sourcecode.swift; path = UploadVibeViewController.swift; sourceTree = "<group>"; };
		9B6A1F981EA7ADF800D72A31 /* VibeUploadController.swift */ = {isa = PBXFileReference; fileEncoding = 4; lastKnownFileType = sourcecode.swift; path = VibeUploadController.swift; sourceTree = "<group>"; };
		9B910FD41EA00ABA0076386C /* IntroViewController.swift */ = {isa = PBXFileReference; fileEncoding = 4; lastKnownFileType = sourcecode.swift; path = IntroViewController.swift; sourceTree = "<group>"; };
		9B910FD71EA00AC70076386C /* GalleryGridCell.swift */ = {isa = PBXFileReference; fileEncoding = 4; lastKnownFileType = sourcecode.swift; path = GalleryGridCell.swift; sourceTree = "<group>"; };
		9B910FDC1EA00AEA0076386C /* GalleryDataSource.swift */ = {isa = PBXFileReference; fileEncoding = 4; lastKnownFileType = sourcecode.swift; path = GalleryDataSource.swift; sourceTree = "<group>"; };
		9B910FEF1EA035DA0076386C /* SyncDemoTest.json */ = {isa = PBXFileReference; fileEncoding = 4; lastKnownFileType = text.json; path = SyncDemoTest.json; sourceTree = "<group>"; };
		9B910FF11EA06CA40076386C /* ExampleDemo.json */ = {isa = PBXFileReference; fileEncoding = 4; lastKnownFileType = text.json; path = ExampleDemo.json; sourceTree = "<group>"; };
		9B910FF71EA0812A0076386C /* strippedData.json */ = {isa = PBXFileReference; fileEncoding = 4; lastKnownFileType = text.json; path = strippedData.json; sourceTree = "<group>"; };
		9B910FF91EA0878D0076386C /* strippedDataFull.json */ = {isa = PBXFileReference; fileEncoding = 4; lastKnownFileType = text.json; path = strippedDataFull.json; sourceTree = "<group>"; };
		9B910FFB1EA08DAB0076386C /* GalleryTableViewController.swift */ = {isa = PBXFileReference; fileEncoding = 4; lastKnownFileType = sourcecode.swift; path = GalleryTableViewController.swift; sourceTree = "<group>"; };
		9B910FFD1EA096060076386C /* ArtCollectionDataSource.swift */ = {isa = PBXFileReference; fileEncoding = 4; lastKnownFileType = sourcecode.swift; path = ArtCollectionDataSource.swift; sourceTree = "<group>"; };
		9B910FFF1EA0A3060076386C /* ArtGridCell.swift */ = {isa = PBXFileReference; fileEncoding = 4; lastKnownFileType = sourcecode.swift; path = ArtGridCell.swift; sourceTree = "<group>"; };
		9B9110011EA0A98D0076386C /* ArtGridCell.xib */ = {isa = PBXFileReference; fileEncoding = 4; lastKnownFileType = file.xib; path = ArtGridCell.xib; sourceTree = "<group>"; };
		9B93BF2E1EB7C87800530C0F /* VibeCashInTableCell.xib */ = {isa = PBXFileReference; fileEncoding = 4; lastKnownFileType = file.xib; path = VibeCashInTableCell.xib; sourceTree = "<group>"; };
		9B93BF321EB7CF8A00530C0F /* VibeCashInGridCell.xib */ = {isa = PBXFileReference; fileEncoding = 4; lastKnownFileType = file.xib; path = VibeCashInGridCell.xib; sourceTree = "<group>"; };
		9B93BF341EB7D59200530C0F /* VibesCashInViewController.swift */ = {isa = PBXFileReference; fileEncoding = 4; lastKnownFileType = sourcecode.swift; path = VibesCashInViewController.swift; sourceTree = "<group>"; };
		9B93BF361EB7EFA500530C0F /* HelpViewController.swift */ = {isa = PBXFileReference; fileEncoding = 4; lastKnownFileType = sourcecode.swift; path = HelpViewController.swift; sourceTree = "<group>"; };
		9B93BF381EB840EA00530C0F /* VibeCashInParticipationGridCell.xib */ = {isa = PBXFileReference; fileEncoding = 4; lastKnownFileType = file.xib; path = VibeCashInParticipationGridCell.xib; sourceTree = "<group>"; };
		9B93BF3A1EB8411700530C0F /* VibeCashInGridCell.swift */ = {isa = PBXFileReference; fileEncoding = 4; lastKnownFileType = sourcecode.swift; path = VibeCashInGridCell.swift; sourceTree = "<group>"; };
		9B93BF3C1EB8417B00530C0F /* VibeCashInParticipationGridCell.swift */ = {isa = PBXFileReference; fileEncoding = 4; lastKnownFileType = sourcecode.swift; path = VibeCashInParticipationGridCell.swift; sourceTree = "<group>"; };
		9B93BF3E1EB91E2F00530C0F /* BeaconGalleryMapping.swift */ = {isa = PBXFileReference; fileEncoding = 4; lastKnownFileType = sourcecode.swift; path = BeaconGalleryMapping.swift; sourceTree = "<group>"; };
		9B93BF401EB9250000530C0F /* BeaconController.swift */ = {isa = PBXFileReference; fileEncoding = 4; lastKnownFileType = sourcecode.swift; path = BeaconController.swift; sourceTree = "<group>"; };
		9BB188C31EA6F8790096B24F /* VibeObject.swift */ = {isa = PBXFileReference; fileEncoding = 4; lastKnownFileType = sourcecode.swift; path = VibeObject.swift; sourceTree = "<group>"; };
		9BB188C51EA6FF2A0096B24F /* VibeTableViewController.swift */ = {isa = PBXFileReference; fileEncoding = 4; lastKnownFileType = sourcecode.swift; path = VibeTableViewController.swift; sourceTree = "<group>"; };
		9BB188C71EA70AE80096B24F /* VibeDisplayViewController.swift */ = {isa = PBXFileReference; fileEncoding = 4; lastKnownFileType = sourcecode.swift; path = VibeDisplayViewController.swift; sourceTree = "<group>"; };
		9BB188C91EA716630096B24F /* AnswerRevealViewController.swift */ = {isa = PBXFileReference; fileEncoding = 4; lastKnownFileType = sourcecode.swift; path = AnswerRevealViewController.swift; sourceTree = "<group>"; };
		9BB9FE5F1EB1294000879725 /* ScoreController.swift */ = {isa = PBXFileReference; fileEncoding = 4; lastKnownFileType = sourcecode.swift; path = ScoreController.swift; sourceTree = "<group>"; };
		9BD229F81EA6F252000E424E /* ArtObject.swift */ = {isa = PBXFileReference; fileEncoding = 4; lastKnownFileType = sourcecode.swift; path = ArtObject.swift; sourceTree = "<group>"; };
		9BD230801EBA2DB200AE2417 /* ProfanityController.swift */ = {isa = PBXFileReference; fileEncoding = 4; lastKnownFileType = sourcecode.swift; path = ProfanityController.swift; sourceTree = "<group>"; };
		9BE3A07C1EA009FC00F66258 /* CleverVibes.app */ = {isa = PBXFileReference; explicitFileType = wrapper.application; includeInIndex = 0; path = CleverVibes.app; sourceTree = BUILT_PRODUCTS_DIR; };
		9BE3A07F1EA009FC00F66258 /* AppDelegate.swift */ = {isa = PBXFileReference; lastKnownFileType = sourcecode.swift; path = AppDelegate.swift; sourceTree = "<group>"; };
		9BE3A0811EA009FC00F66258 /* ViewController.swift */ = {isa = PBXFileReference; lastKnownFileType = sourcecode.swift; path = ViewController.swift; sourceTree = "<group>"; };
		9BE3A0841EA009FC00F66258 /* Base */ = {isa = PBXFileReference; lastKnownFileType = file.storyboard; name = Base; path = Base.lproj/Main.storyboard; sourceTree = "<group>"; };
		9BE3A0871EA009FC00F66258 /* CleverVibes.xcdatamodel */ = {isa = PBXFileReference; lastKnownFileType = wrapper.xcdatamodel; path = CleverVibes.xcdatamodel; sourceTree = "<group>"; };
		9BE3A0891EA009FC00F66258 /* Assets.xcassets */ = {isa = PBXFileReference; lastKnownFileType = folder.assetcatalog; path = Assets.xcassets; sourceTree = "<group>"; };
		9BE3A08C1EA009FC00F66258 /* Base */ = {isa = PBXFileReference; lastKnownFileType = file.storyboard; name = Base; path = Base.lproj/LaunchScreen.storyboard; sourceTree = "<group>"; };
		9BE3A08E1EA009FC00F66258 /* Info.plist */ = {isa = PBXFileReference; lastKnownFileType = text.plist.xml; path = Info.plist; sourceTree = "<group>"; };
		9BE3A0931EA009FC00F66258 /* CleverVibesTests.xctest */ = {isa = PBXFileReference; explicitFileType = wrapper.cfbundle; includeInIndex = 0; path = CleverVibesTests.xctest; sourceTree = BUILT_PRODUCTS_DIR; };
		9BE3A0971EA009FC00F66258 /* CleverVibesTests.swift */ = {isa = PBXFileReference; lastKnownFileType = sourcecode.swift; path = CleverVibesTests.swift; sourceTree = "<group>"; };
		9BE3A0991EA009FC00F66258 /* Info.plist */ = {isa = PBXFileReference; lastKnownFileType = text.plist.xml; path = Info.plist; sourceTree = "<group>"; };
		9BE3A09E1EA009FC00F66258 /* CleverVibesUITests.xctest */ = {isa = PBXFileReference; explicitFileType = wrapper.cfbundle; includeInIndex = 0; path = CleverVibesUITests.xctest; sourceTree = BUILT_PRODUCTS_DIR; };
		9BE3A0A21EA009FC00F66258 /* CleverVibesUITests.swift */ = {isa = PBXFileReference; lastKnownFileType = sourcecode.swift; path = CleverVibesUITests.swift; sourceTree = "<group>"; };
		9BE3A0A41EA009FC00F66258 /* Info.plist */ = {isa = PBXFileReference; lastKnownFileType = text.plist.xml; path = Info.plist; sourceTree = "<group>"; };
		9BE3A0B01EA00A0900F66258 /* Podfile */ = {isa = PBXFileReference; fileEncoding = 4; lastKnownFileType = text; path = Podfile; sourceTree = "<group>"; xcLanguageSpecificationIdentifier = xcode.lang.ruby; };
		B371CC351EB3E722004992F7 /* VibesTabBarController.swift */ = {isa = PBXFileReference; fileEncoding = 4; lastKnownFileType = sourcecode.swift; path = VibesTabBarController.swift; sourceTree = "<group>"; };
		CE17420D1E93D285710C94FB /* Pods_CleverVibes.framework */ = {isa = PBXFileReference; explicitFileType = wrapper.framework; includeInIndex = 0; path = Pods_CleverVibes.framework; sourceTree = BUILT_PRODUCTS_DIR; };
/* End PBXFileReference section */

/* Begin PBXFrameworksBuildPhase section */
		9BE3A0791EA009FC00F66258 /* Frameworks */ = {
			isa = PBXFrameworksBuildPhase;
			buildActionMask = 2147483647;
			files = (
				171E11348B10FF74DAC8A83F /* Pods_CleverVibes.framework in Frameworks */,
			);
			runOnlyForDeploymentPostprocessing = 0;
		};
		9BE3A0901EA009FC00F66258 /* Frameworks */ = {
			isa = PBXFrameworksBuildPhase;
			buildActionMask = 2147483647;
			files = (
			);
			runOnlyForDeploymentPostprocessing = 0;
		};
		9BE3A09B1EA009FC00F66258 /* Frameworks */ = {
			isa = PBXFrameworksBuildPhase;
			buildActionMask = 2147483647;
			files = (
			);
			runOnlyForDeploymentPostprocessing = 0;
		};
/* End PBXFrameworksBuildPhase section */

/* Begin PBXGroup section */
		9ACCE0204D928612F47703C2 /* Frameworks */ = {
			isa = PBXGroup;
			children = (
				CE17420D1E93D285710C94FB /* Pods_CleverVibes.framework */,
			);
			name = Frameworks;
			sourceTree = "<group>";
		};
		9B0A0DC61EB0E2720087D175 /* Solve */ = {
			isa = PBXGroup;
			children = (
				9BB188C91EA716630096B24F /* AnswerRevealViewController.swift */,
				9B0A0DCB1EB0E4B60087D175 /* AnswerArtSelectionViewController.swift */,
			);
			name = Solve;
			sourceTree = "<group>";
		};
		9B0A0DC71EB0E2790087D175 /* Write */ = {
			isa = PBXGroup;
			children = (
				9B6A1F961EA72C3E00D72A31 /* UploadVibeViewController.swift */,
				9B6A1F941EA72AAD00D72A31 /* VibeWriteViewController.swift */,
				9B0A0DC91EB0E2E50087D175 /* VibeWriteArtSelectionViewController.swift */,
			);
			name = Write;
			sourceTree = "<group>";
		};
		9B0A0DC81EB0E2950087D175 /* Cells */ = {
			isa = PBXGroup;
			children = (
				9B0A0DBE1EB016360087D175 /* GallerySeparatorView.xib */,
				9B0A0DC01EB016C60087D175 /* GallerySeparatorView.swift */,
				9B910FD71EA00AC70076386C /* GalleryGridCell.swift */,
				9B910FFF1EA0A3060076386C /* ArtGridCell.swift */,
				9B9110011EA0A98D0076386C /* ArtGridCell.xib */,
				9B0A0DB21EAEA3EA0087D175 /* VibeTableCell.xib */,
				9B0A0DB61EAFD2950087D175 /* VibeTableCell.swift */,
				9B0A0DB81EAFE09A0087D175 /* GalleryGridCell.xib */,
				9B93BF2E1EB7C87800530C0F /* VibeCashInTableCell.xib */,
				9B93BF321EB7CF8A00530C0F /* VibeCashInGridCell.xib */,
				9B93BF381EB840EA00530C0F /* VibeCashInParticipationGridCell.xib */,
				9B93BF3A1EB8411700530C0F /* VibeCashInGridCell.swift */,
				9B93BF3C1EB8417B00530C0F /* VibeCashInParticipationGridCell.swift */,
			);
			name = Cells;
			sourceTree = "<group>";
		};
		9B910FDA1EA00ACB0076386C /* Views */ = {
			isa = PBXGroup;
			children = (
				9B0A0DC81EB0E2950087D175 /* Cells */,
				9B0A0DC71EB0E2790087D175 /* Write */,
				9B0A0DC61EB0E2720087D175 /* Solve */,
				9BB188C71EA70AE80096B24F /* VibeDisplayViewController.swift */,
				9BE3A0831EA009FC00F66258 /* Main.storyboard */,
				9B0A0DB41EAEA93D0087D175 /* ScoreTableViewController.swift */,
				9B0A0DBC1EAFF3520087D175 /* GalleryCollectionViewController.swift */,
				9B0A0DC21EB02B3C0087D175 /* VibePageViewController.swift */,
				B371CC351EB3E722004992F7 /* VibesTabBarController.swift */,
				9B93BF341EB7D59200530C0F /* VibesCashInViewController.swift */,
				9B93BF361EB7EFA500530C0F /* HelpViewController.swift */,
			);
			name = Views;
			sourceTree = "<group>";
		};
		9B910FDB1EA00AD90076386C /* Controllers */ = {
			isa = PBXGroup;
			children = (
				9B910FDC1EA00AEA0076386C /* GalleryDataSource.swift */,
				9B910FFB1EA08DAB0076386C /* GalleryTableViewController.swift */,
				9B910FFD1EA096060076386C /* ArtCollectionDataSource.swift */,
				9BB188C51EA6FF2A0096B24F /* VibeTableViewController.swift */,
				9B6A1F981EA7ADF800D72A31 /* VibeUploadController.swift */,
				9BB9FE5F1EB1294000879725 /* ScoreController.swift */,
				9B93BF401EB9250000530C0F /* BeaconController.swift */,
				9BD230801EBA2DB200AE2417 /* ProfanityController.swift */,
			);
			name = Controllers;
			sourceTree = "<group>";
		};
		9B910FE91EA01A7E0076386C /* Resources */ = {
			isa = PBXGroup;
			children = (
				9B910FF91EA0878D0076386C /* strippedDataFull.json */,
				9B910FF71EA0812A0076386C /* strippedData.json */,
				9B910FEF1EA035DA0076386C /* SyncDemoTest.json */,
				9B910FF11EA06CA40076386C /* ExampleDemo.json */,
			);
			path = Resources;
			sourceTree = "<group>";
		};
		9BD229F71EA6F22B000E424E /* Objects */ = {
			isa = PBXGroup;
			children = (
				9BD229F81EA6F252000E424E /* ArtObject.swift */,
				9BB188C31EA6F8790096B24F /* VibeObject.swift */,
				9B93BF3E1EB91E2F00530C0F /* BeaconGalleryMapping.swift */,
			);
			name = Objects;
			sourceTree = "<group>";
		};
		9BE3A0731EA009FC00F66258 = {
			isa = PBXGroup;
			children = (
				9BE3A0B01EA00A0900F66258 /* Podfile */,
				9BE3A07E1EA009FC00F66258 /* CleverVibes */,
				9BE3A0961EA009FC00F66258 /* CleverVibesTests */,
				9BE3A0A11EA009FC00F66258 /* CleverVibesUITests */,
				9BE3A07D1EA009FC00F66258 /* Products */,
				FCAF368452EB443CC3A8E178 /* Pods */,
				9ACCE0204D928612F47703C2 /* Frameworks */,
			);
			sourceTree = "<group>";
		};
		9BE3A07D1EA009FC00F66258 /* Products */ = {
			isa = PBXGroup;
			children = (
				9BE3A07C1EA009FC00F66258 /* CleverVibes.app */,
				9BE3A0931EA009FC00F66258 /* CleverVibesTests.xctest */,
				9BE3A09E1EA009FC00F66258 /* CleverVibesUITests.xctest */,
			);
			name = Products;
			sourceTree = "<group>";
		};
		9BE3A07E1EA009FC00F66258 /* CleverVibes */ = {
			isa = PBXGroup;
			children = (
				9BD229F71EA6F22B000E424E /* Objects */,
				9B910FE91EA01A7E0076386C /* Resources */,
				9B910FDB1EA00AD90076386C /* Controllers */,
				9B910FDA1EA00ACB0076386C /* Views */,
				9B910FD41EA00ABA0076386C /* IntroViewController.swift */,
				9BE3A07F1EA009FC00F66258 /* AppDelegate.swift */,
				9BE3A0811EA009FC00F66258 /* ViewController.swift */,
				9BE3A0891EA009FC00F66258 /* Assets.xcassets */,
				9BE3A08B1EA009FC00F66258 /* LaunchScreen.storyboard */,
				9BE3A08E1EA009FC00F66258 /* Info.plist */,
				9BE3A0861EA009FC00F66258 /* CleverVibes.xcdatamodeld */,
			);
			path = CleverVibes;
			sourceTree = "<group>";
		};
		9BE3A0961EA009FC00F66258 /* CleverVibesTests */ = {
			isa = PBXGroup;
			children = (
				9BE3A0971EA009FC00F66258 /* CleverVibesTests.swift */,
				9BE3A0991EA009FC00F66258 /* Info.plist */,
			);
			path = CleverVibesTests;
			sourceTree = "<group>";
		};
		9BE3A0A11EA009FC00F66258 /* CleverVibesUITests */ = {
			isa = PBXGroup;
			children = (
				9BE3A0A21EA009FC00F66258 /* CleverVibesUITests.swift */,
				9BE3A0A41EA009FC00F66258 /* Info.plist */,
			);
			path = CleverVibesUITests;
			sourceTree = "<group>";
		};
		FCAF368452EB443CC3A8E178 /* Pods */ = {
			isa = PBXGroup;
			children = (
				20C06BDC09A82DD6BB902CC0 /* Pods-CleverVibes.debug.xcconfig */,
				4203057C58B3ACFD70705BB8 /* Pods-CleverVibes.release.xcconfig */,
			);
			name = Pods;
			sourceTree = "<group>";
		};
/* End PBXGroup section */

/* Begin PBXNativeTarget section */
		9BE3A07B1EA009FC00F66258 /* CleverVibes */ = {
			isa = PBXNativeTarget;
			buildConfigurationList = 9BE3A0A71EA009FC00F66258 /* Build configuration list for PBXNativeTarget "CleverVibes" */;
			buildPhases = (
				D3012D2A14FBC28AB5AADC59 /* [CP] Check Pods Manifest.lock */,
				9BE3A0781EA009FC00F66258 /* Sources */,
				9BE3A0791EA009FC00F66258 /* Frameworks */,
				9BE3A07A1EA009FC00F66258 /* Resources */,
				616E5BA591DB4B611A55AE71 /* [CP] Embed Pods Frameworks */,
				8DCF1B0DB243CE5C13C574B9 /* [CP] Copy Pods Resources */,
			);
			buildRules = (
			);
			dependencies = (
			);
			name = CleverVibes;
			productName = CleverVibes;
			productReference = 9BE3A07C1EA009FC00F66258 /* CleverVibes.app */;
			productType = "com.apple.product-type.application";
		};
		9BE3A0921EA009FC00F66258 /* CleverVibesTests */ = {
			isa = PBXNativeTarget;
			buildConfigurationList = 9BE3A0AA1EA009FC00F66258 /* Build configuration list for PBXNativeTarget "CleverVibesTests" */;
			buildPhases = (
				9BE3A08F1EA009FC00F66258 /* Sources */,
				9BE3A0901EA009FC00F66258 /* Frameworks */,
				9BE3A0911EA009FC00F66258 /* Resources */,
			);
			buildRules = (
			);
			dependencies = (
				9BE3A0951EA009FC00F66258 /* PBXTargetDependency */,
			);
			name = CleverVibesTests;
			productName = CleverVibesTests;
			productReference = 9BE3A0931EA009FC00F66258 /* CleverVibesTests.xctest */;
			productType = "com.apple.product-type.bundle.unit-test";
		};
		9BE3A09D1EA009FC00F66258 /* CleverVibesUITests */ = {
			isa = PBXNativeTarget;
			buildConfigurationList = 9BE3A0AD1EA009FC00F66258 /* Build configuration list for PBXNativeTarget "CleverVibesUITests" */;
			buildPhases = (
				9BE3A09A1EA009FC00F66258 /* Sources */,
				9BE3A09B1EA009FC00F66258 /* Frameworks */,
				9BE3A09C1EA009FC00F66258 /* Resources */,
			);
			buildRules = (
			);
			dependencies = (
				9BE3A0A01EA009FC00F66258 /* PBXTargetDependency */,
			);
			name = CleverVibesUITests;
			productName = CleverVibesUITests;
			productReference = 9BE3A09E1EA009FC00F66258 /* CleverVibesUITests.xctest */;
			productType = "com.apple.product-type.bundle.ui-testing";
		};
/* End PBXNativeTarget section */

/* Begin PBXProject section */
		9BE3A0741EA009FC00F66258 /* Project object */ = {
			isa = PBXProject;
			attributes = {
				LastSwiftUpdateCheck = 0820;
				LastUpgradeCheck = 0820;
				ORGANIZATIONNAME = "Josh Safran";
				TargetAttributes = {
					9BE3A07B1EA009FC00F66258 = {
						CreatedOnToolsVersion = 8.2.1;
						DevelopmentTeam = 4H49KDR588;
						ProvisioningStyle = Automatic;
					};
					9BE3A0921EA009FC00F66258 = {
						CreatedOnToolsVersion = 8.2.1;
						DevelopmentTeam = 4H49KDR588;
						ProvisioningStyle = Automatic;
						TestTargetID = 9BE3A07B1EA009FC00F66258;
					};
					9BE3A09D1EA009FC00F66258 = {
						CreatedOnToolsVersion = 8.2.1;
						DevelopmentTeam = 4H49KDR588;
						ProvisioningStyle = Automatic;
						TestTargetID = 9BE3A07B1EA009FC00F66258;
					};
				};
			};
			buildConfigurationList = 9BE3A0771EA009FC00F66258 /* Build configuration list for PBXProject "CleverVibes" */;
			compatibilityVersion = "Xcode 3.2";
			developmentRegion = English;
			hasScannedForEncodings = 0;
			knownRegions = (
				en,
				Base,
			);
			mainGroup = 9BE3A0731EA009FC00F66258;
			productRefGroup = 9BE3A07D1EA009FC00F66258 /* Products */;
			projectDirPath = "";
			projectRoot = "";
			targets = (
				9BE3A07B1EA009FC00F66258 /* CleverVibes */,
				9BE3A0921EA009FC00F66258 /* CleverVibesTests */,
				9BE3A09D1EA009FC00F66258 /* CleverVibesUITests */,
			);
		};
/* End PBXProject section */

/* Begin PBXResourcesBuildPhase section */
		9BE3A07A1EA009FC00F66258 /* Resources */ = {
			isa = PBXResourcesBuildPhase;
			buildActionMask = 2147483647;
			files = (
				9B93BF391EB840EA00530C0F /* VibeCashInParticipationGridCell.xib in Resources */,
				9B9110021EA0A98D0076386C /* ArtGridCell.xib in Resources */,
				9BE3A08D1EA009FC00F66258 /* LaunchScreen.storyboard in Resources */,
				9B0A0DB31EAEA3EA0087D175 /* VibeTableCell.xib in Resources */,
				9BE3A08A1EA009FC00F66258 /* Assets.xcassets in Resources */,
				9BE3A0B11EA00A0900F66258 /* Podfile in Resources */,
				9B910FF01EA035DA0076386C /* SyncDemoTest.json in Resources */,
				9B910FF21EA06CA40076386C /* ExampleDemo.json in Resources */,
				9B93BF331EB7CF8A00530C0F /* VibeCashInGridCell.xib in Resources */,
				9B93BF2F1EB7C87800530C0F /* VibeCashInTableCell.xib in Resources */,
				9B0A0DB91EAFE09A0087D175 /* GalleryGridCell.xib in Resources */,
				9B910FFA1EA0878D0076386C /* strippedDataFull.json in Resources */,
				9B0A0DBF1EB016360087D175 /* GallerySeparatorView.xib in Resources */,
				9B910FF81EA0812A0076386C /* strippedData.json in Resources */,
				9BE3A0851EA009FC00F66258 /* Main.storyboard in Resources */,
			);
			runOnlyForDeploymentPostprocessing = 0;
		};
		9BE3A0911EA009FC00F66258 /* Resources */ = {
			isa = PBXResourcesBuildPhase;
			buildActionMask = 2147483647;
			files = (
			);
			runOnlyForDeploymentPostprocessing = 0;
		};
		9BE3A09C1EA009FC00F66258 /* Resources */ = {
			isa = PBXResourcesBuildPhase;
			buildActionMask = 2147483647;
			files = (
			);
			runOnlyForDeploymentPostprocessing = 0;
		};
/* End PBXResourcesBuildPhase section */

/* Begin PBXShellScriptBuildPhase section */
		616E5BA591DB4B611A55AE71 /* [CP] Embed Pods Frameworks */ = {
			isa = PBXShellScriptBuildPhase;
			buildActionMask = 2147483647;
			files = (
			);
			inputPaths = (
			);
			name = "[CP] Embed Pods Frameworks";
			outputPaths = (
			);
			runOnlyForDeploymentPostprocessing = 0;
			shellPath = /bin/sh;
			shellScript = "\"${SRCROOT}/Pods/Target Support Files/Pods-CleverVibes/Pods-CleverVibes-frameworks.sh\"\n";
			showEnvVarsInLog = 0;
		};
		8DCF1B0DB243CE5C13C574B9 /* [CP] Copy Pods Resources */ = {
			isa = PBXShellScriptBuildPhase;
			buildActionMask = 2147483647;
			files = (
			);
			inputPaths = (
			);
			name = "[CP] Copy Pods Resources";
			outputPaths = (
			);
			runOnlyForDeploymentPostprocessing = 0;
			shellPath = /bin/sh;
			shellScript = "\"${SRCROOT}/Pods/Target Support Files/Pods-CleverVibes/Pods-CleverVibes-resources.sh\"\n";
			showEnvVarsInLog = 0;
		};
		D3012D2A14FBC28AB5AADC59 /* [CP] Check Pods Manifest.lock */ = {
			isa = PBXShellScriptBuildPhase;
			buildActionMask = 2147483647;
			files = (
			);
			inputPaths = (
			);
			name = "[CP] Check Pods Manifest.lock";
			outputPaths = (
			);
			runOnlyForDeploymentPostprocessing = 0;
			shellPath = /bin/sh;
			shellScript = "diff \"${PODS_PODFILE_DIR_PATH}/Podfile.lock\" \"${PODS_ROOT}/Manifest.lock\" > /dev/null\nif [ $? != 0 ] ; then\n    # print error to STDERR\n    echo \"error: The sandbox is not in sync with the Podfile.lock. Run 'pod install' or update your CocoaPods installation.\" >&2\n    exit 1\nfi\n";
			showEnvVarsInLog = 0;
		};
/* End PBXShellScriptBuildPhase section */

/* Begin PBXSourcesBuildPhase section */
		9BE3A0781EA009FC00F66258 /* Sources */ = {
			isa = PBXSourcesBuildPhase;
			buildActionMask = 2147483647;
			files = (
				9BB188C41EA6F8790096B24F /* VibeObject.swift in Sources */,
				9B0A0DCA1EB0E2E50087D175 /* VibeWriteArtSelectionViewController.swift in Sources */,
				9B910FD91EA00AC70076386C /* GalleryGridCell.swift in Sources */,
				9B9110001EA0A3060076386C /* ArtGridCell.swift in Sources */,
				9B0A0DC11EB016C60087D175 /* GallerySeparatorView.swift in Sources */,
				9B6A1F971EA72C3E00D72A31 /* UploadVibeViewController.swift in Sources */,
				9B93BF3B1EB8411700530C0F /* VibeCashInGridCell.swift in Sources */,
				9B93BF3F1EB91E2F00530C0F /* BeaconGalleryMapping.swift in Sources */,
				9B93BF351EB7D59200530C0F /* VibesCashInViewController.swift in Sources */,
				9B93BF371EB7EFA500530C0F /* HelpViewController.swift in Sources */,
				9BB188C81EA70AE80096B24F /* VibeDisplayViewController.swift in Sources */,
				9BB188CA1EA716630096B24F /* AnswerRevealViewController.swift in Sources */,
				9BE3A0821EA009FC00F66258 /* ViewController.swift in Sources */,
				9B6A1F951EA72AAD00D72A31 /* VibeWriteViewController.swift in Sources */,
				9B0A0DB51EAEA93D0087D175 /* ScoreTableViewController.swift in Sources */,
				9B910FFE1EA096060076386C /* ArtCollectionDataSource.swift in Sources */,
				9BE3A0881EA009FC00F66258 /* CleverVibes.xcdatamodeld in Sources */,
				9BE3A0801EA009FC00F66258 /* AppDelegate.swift in Sources */,
				9B6A1F991EA7ADF800D72A31 /* VibeUploadController.swift in Sources */,
				9BD229F91EA6F252000E424E /* ArtObject.swift in Sources */,
				9B910FD51EA00ABA0076386C /* IntroViewController.swift in Sources */,
				9B0A0DBD1EAFF3520087D175 /* GalleryCollectionViewController.swift in Sources */,
				9B93BF3D1EB8417B00530C0F /* VibeCashInParticipationGridCell.swift in Sources */,
				9BB188C61EA6FF2A0096B24F /* VibeTableViewController.swift in Sources */,
				B371CC361EB3E722004992F7 /* VibesTabBarController.swift in Sources */,
				9B910FDD1EA00AEA0076386C /* GalleryDataSource.swift in Sources */,
				9BB9FE601EB1294000879725 /* ScoreController.swift in Sources */,
				9B0A0DC31EB02B3C0087D175 /* VibePageViewController.swift in Sources */,
				9B0A0DCC1EB0E4B60087D175 /* AnswerArtSelectionViewController.swift in Sources */,
				9BD230811EBA2DB200AE2417 /* ProfanityController.swift in Sources */,
				9B93BF411EB9250000530C0F /* BeaconController.swift in Sources */,
				9B0A0DB71EAFD2950087D175 /* VibeTableCell.swift in Sources */,
				9B910FFC1EA08DAB0076386C /* GalleryTableViewController.swift in Sources */,
			);
			runOnlyForDeploymentPostprocessing = 0;
		};
		9BE3A08F1EA009FC00F66258 /* Sources */ = {
			isa = PBXSourcesBuildPhase;
			buildActionMask = 2147483647;
			files = (
				9BE3A0981EA009FC00F66258 /* CleverVibesTests.swift in Sources */,
			);
			runOnlyForDeploymentPostprocessing = 0;
		};
		9BE3A09A1EA009FC00F66258 /* Sources */ = {
			isa = PBXSourcesBuildPhase;
			buildActionMask = 2147483647;
			files = (
				9BE3A0A31EA009FC00F66258 /* CleverVibesUITests.swift in Sources */,
			);
			runOnlyForDeploymentPostprocessing = 0;
		};
/* End PBXSourcesBuildPhase section */

/* Begin PBXTargetDependency section */
		9BE3A0951EA009FC00F66258 /* PBXTargetDependency */ = {
			isa = PBXTargetDependency;
			target = 9BE3A07B1EA009FC00F66258 /* CleverVibes */;
			targetProxy = 9BE3A0941EA009FC00F66258 /* PBXContainerItemProxy */;
		};
		9BE3A0A01EA009FC00F66258 /* PBXTargetDependency */ = {
			isa = PBXTargetDependency;
			target = 9BE3A07B1EA009FC00F66258 /* CleverVibes */;
			targetProxy = 9BE3A09F1EA009FC00F66258 /* PBXContainerItemProxy */;
		};
/* End PBXTargetDependency section */

/* Begin PBXVariantGroup section */
		9BE3A0831EA009FC00F66258 /* Main.storyboard */ = {
			isa = PBXVariantGroup;
			children = (
				9BE3A0841EA009FC00F66258 /* Base */,
			);
			name = Main.storyboard;
			sourceTree = "<group>";
		};
		9BE3A08B1EA009FC00F66258 /* LaunchScreen.storyboard */ = {
			isa = PBXVariantGroup;
			children = (
				9BE3A08C1EA009FC00F66258 /* Base */,
			);
			name = LaunchScreen.storyboard;
			sourceTree = "<group>";
		};
/* End PBXVariantGroup section */

/* Begin XCBuildConfiguration section */
		9BE3A0A51EA009FC00F66258 /* Debug */ = {
			isa = XCBuildConfiguration;
			buildSettings = {
				ALWAYS_SEARCH_USER_PATHS = NO;
				CLANG_ANALYZER_NONNULL = YES;
				CLANG_CXX_LANGUAGE_STANDARD = "gnu++0x";
				CLANG_CXX_LIBRARY = "libc++";
				CLANG_ENABLE_MODULES = YES;
				CLANG_ENABLE_OBJC_ARC = YES;
				CLANG_WARN_BOOL_CONVERSION = YES;
				CLANG_WARN_CONSTANT_CONVERSION = YES;
				CLANG_WARN_DIRECT_OBJC_ISA_USAGE = YES_ERROR;
				CLANG_WARN_DOCUMENTATION_COMMENTS = YES;
				CLANG_WARN_EMPTY_BODY = YES;
				CLANG_WARN_ENUM_CONVERSION = YES;
				CLANG_WARN_INFINITE_RECURSION = YES;
				CLANG_WARN_INT_CONVERSION = YES;
				CLANG_WARN_OBJC_ROOT_CLASS = YES_ERROR;
				CLANG_WARN_SUSPICIOUS_MOVE = YES;
				CLANG_WARN_UNREACHABLE_CODE = YES;
				CLANG_WARN__DUPLICATE_METHOD_MATCH = YES;
				"CODE_SIGN_IDENTITY[sdk=iphoneos*]" = "iPhone Developer";
				COPY_PHASE_STRIP = NO;
				DEBUG_INFORMATION_FORMAT = dwarf;
				ENABLE_STRICT_OBJC_MSGSEND = YES;
				ENABLE_TESTABILITY = YES;
				GCC_C_LANGUAGE_STANDARD = gnu99;
				GCC_DYNAMIC_NO_PIC = NO;
				GCC_NO_COMMON_BLOCKS = YES;
				GCC_OPTIMIZATION_LEVEL = 0;
				GCC_PREPROCESSOR_DEFINITIONS = (
					"DEBUG=1",
					"$(inherited)",
				);
				GCC_WARN_64_TO_32_BIT_CONVERSION = YES;
				GCC_WARN_ABOUT_RETURN_TYPE = YES_ERROR;
				GCC_WARN_UNDECLARED_SELECTOR = YES;
				GCC_WARN_UNINITIALIZED_AUTOS = YES_AGGRESSIVE;
				GCC_WARN_UNUSED_FUNCTION = YES;
				GCC_WARN_UNUSED_VARIABLE = YES;
				IPHONEOS_DEPLOYMENT_TARGET = 10.2;
				MTL_ENABLE_DEBUG_INFO = YES;
				ONLY_ACTIVE_ARCH = YES;
				SDKROOT = iphoneos;
				SWIFT_ACTIVE_COMPILATION_CONDITIONS = DEBUG;
				SWIFT_OPTIMIZATION_LEVEL = "-Onone";
			};
			name = Debug;
		};
		9BE3A0A61EA009FC00F66258 /* Release */ = {
			isa = XCBuildConfiguration;
			buildSettings = {
				ALWAYS_SEARCH_USER_PATHS = NO;
				CLANG_ANALYZER_NONNULL = YES;
				CLANG_CXX_LANGUAGE_STANDARD = "gnu++0x";
				CLANG_CXX_LIBRARY = "libc++";
				CLANG_ENABLE_MODULES = YES;
				CLANG_ENABLE_OBJC_ARC = YES;
				CLANG_WARN_BOOL_CONVERSION = YES;
				CLANG_WARN_CONSTANT_CONVERSION = YES;
				CLANG_WARN_DIRECT_OBJC_ISA_USAGE = YES_ERROR;
				CLANG_WARN_DOCUMENTATION_COMMENTS = YES;
				CLANG_WARN_EMPTY_BODY = YES;
				CLANG_WARN_ENUM_CONVERSION = YES;
				CLANG_WARN_INFINITE_RECURSION = YES;
				CLANG_WARN_INT_CONVERSION = YES;
				CLANG_WARN_OBJC_ROOT_CLASS = YES_ERROR;
				CLANG_WARN_SUSPICIOUS_MOVE = YES;
				CLANG_WARN_UNREACHABLE_CODE = YES;
				CLANG_WARN__DUPLICATE_METHOD_MATCH = YES;
				"CODE_SIGN_IDENTITY[sdk=iphoneos*]" = "iPhone Developer";
				COPY_PHASE_STRIP = NO;
				DEBUG_INFORMATION_FORMAT = "dwarf-with-dsym";
				ENABLE_NS_ASSERTIONS = NO;
				ENABLE_STRICT_OBJC_MSGSEND = YES;
				GCC_C_LANGUAGE_STANDARD = gnu99;
				GCC_NO_COMMON_BLOCKS = YES;
				GCC_WARN_64_TO_32_BIT_CONVERSION = YES;
				GCC_WARN_ABOUT_RETURN_TYPE = YES_ERROR;
				GCC_WARN_UNDECLARED_SELECTOR = YES;
				GCC_WARN_UNINITIALIZED_AUTOS = YES_AGGRESSIVE;
				GCC_WARN_UNUSED_FUNCTION = YES;
				GCC_WARN_UNUSED_VARIABLE = YES;
				IPHONEOS_DEPLOYMENT_TARGET = 10.2;
				MTL_ENABLE_DEBUG_INFO = NO;
				SDKROOT = iphoneos;
				SWIFT_OPTIMIZATION_LEVEL = "-Owholemodule";
				VALIDATE_PRODUCT = YES;
			};
			name = Release;
		};
		9BE3A0A81EA009FC00F66258 /* Debug */ = {
			isa = XCBuildConfiguration;
			baseConfigurationReference = 20C06BDC09A82DD6BB902CC0 /* Pods-CleverVibes.debug.xcconfig */;
			buildSettings = {
				ASSETCATALOG_COMPILER_APPICON_NAME = AppIcon;
				DEVELOPMENT_TEAM = 4H49KDR588;
				INFOPLIST_FILE = CleverVibes/Info.plist;
				IPHONEOS_DEPLOYMENT_TARGET = 9.0;
				LD_RUNPATH_SEARCH_PATHS = "$(inherited) @executable_path/Frameworks";
				PRODUCT_BUNDLE_IDENTIFIER = com.jamslap.Vibes;
				PRODUCT_NAME = "$(TARGET_NAME)";
				SWIFT_VERSION = 3.0;
				TARGETED_DEVICE_FAMILY = "1,2";
			};
			name = Debug;
		};
		9BE3A0A91EA009FC00F66258 /* Release */ = {
			isa = XCBuildConfiguration;
			baseConfigurationReference = 4203057C58B3ACFD70705BB8 /* Pods-CleverVibes.release.xcconfig */;
			buildSettings = {
				ASSETCATALOG_COMPILER_APPICON_NAME = AppIcon;
				DEVELOPMENT_TEAM = 4H49KDR588;
				INFOPLIST_FILE = CleverVibes/Info.plist;
				IPHONEOS_DEPLOYMENT_TARGET = 9.0;
				LD_RUNPATH_SEARCH_PATHS = "$(inherited) @executable_path/Frameworks";
				PRODUCT_BUNDLE_IDENTIFIER = com.jamslap.Vibes;
				PRODUCT_NAME = "$(TARGET_NAME)";
				SWIFT_VERSION = 3.0;
				TARGETED_DEVICE_FAMILY = "1,2";
			};
			name = Release;
		};
		9BE3A0AB1EA009FC00F66258 /* Debug */ = {
			isa = XCBuildConfiguration;
			buildSettings = {
				ALWAYS_EMBED_SWIFT_STANDARD_LIBRARIES = YES;
				BUNDLE_LOADER = "$(TEST_HOST)";
				DEVELOPMENT_TEAM = 4H49KDR588;
				INFOPLIST_FILE = CleverVibesTests/Info.plist;
				LD_RUNPATH_SEARCH_PATHS = "$(inherited) @executable_path/Frameworks @loader_path/Frameworks";
				PRODUCT_BUNDLE_IDENTIFIER = JamSlap.CleverVibesTests;
				PRODUCT_NAME = "$(TARGET_NAME)";
				SWIFT_VERSION = 3.0;
				TEST_HOST = "$(BUILT_PRODUCTS_DIR)/CleverVibes.app/CleverVibes";
			};
			name = Debug;
		};
		9BE3A0AC1EA009FC00F66258 /* Release */ = {
			isa = XCBuildConfiguration;
			buildSettings = {
				ALWAYS_EMBED_SWIFT_STANDARD_LIBRARIES = YES;
				BUNDLE_LOADER = "$(TEST_HOST)";
				DEVELOPMENT_TEAM = 4H49KDR588;
				INFOPLIST_FILE = CleverVibesTests/Info.plist;
				LD_RUNPATH_SEARCH_PATHS = "$(inherited) @executable_path/Frameworks @loader_path/Frameworks";
				PRODUCT_BUNDLE_IDENTIFIER = JamSlap.CleverVibesTests;
				PRODUCT_NAME = "$(TARGET_NAME)";
				SWIFT_VERSION = 3.0;
				TEST_HOST = "$(BUILT_PRODUCTS_DIR)/CleverVibes.app/CleverVibes";
			};
			name = Release;
		};
		9BE3A0AE1EA009FC00F66258 /* Debug */ = {
			isa = XCBuildConfiguration;
			buildSettings = {
				ALWAYS_EMBED_SWIFT_STANDARD_LIBRARIES = YES;
				DEVELOPMENT_TEAM = 4H49KDR588;
				INFOPLIST_FILE = CleverVibesUITests/Info.plist;
				LD_RUNPATH_SEARCH_PATHS = "$(inherited) @executable_path/Frameworks @loader_path/Frameworks";
				PRODUCT_BUNDLE_IDENTIFIER = JamSlap.CleverVibesUITests;
				PRODUCT_NAME = "$(TARGET_NAME)";
				SWIFT_VERSION = 3.0;
				TEST_TARGET_NAME = CleverVibes;
			};
			name = Debug;
		};
		9BE3A0AF1EA009FC00F66258 /* Release */ = {
			isa = XCBuildConfiguration;
			buildSettings = {
				ALWAYS_EMBED_SWIFT_STANDARD_LIBRARIES = YES;
				DEVELOPMENT_TEAM = 4H49KDR588;
				INFOPLIST_FILE = CleverVibesUITests/Info.plist;
				LD_RUNPATH_SEARCH_PATHS = "$(inherited) @executable_path/Frameworks @loader_path/Frameworks";
				PRODUCT_BUNDLE_IDENTIFIER = JamSlap.CleverVibesUITests;
				PRODUCT_NAME = "$(TARGET_NAME)";
				SWIFT_VERSION = 3.0;
				TEST_TARGET_NAME = CleverVibes;
			};
			name = Release;
		};
/* End XCBuildConfiguration section */

/* Begin XCConfigurationList section */
		9BE3A0771EA009FC00F66258 /* Build configuration list for PBXProject "CleverVibes" */ = {
			isa = XCConfigurationList;
			buildConfigurations = (
				9BE3A0A51EA009FC00F66258 /* Debug */,
				9BE3A0A61EA009FC00F66258 /* Release */,
			);
			defaultConfigurationIsVisible = 0;
			defaultConfigurationName = Release;
		};
		9BE3A0A71EA009FC00F66258 /* Build configuration list for PBXNativeTarget "CleverVibes" */ = {
			isa = XCConfigurationList;
			buildConfigurations = (
				9BE3A0A81EA009FC00F66258 /* Debug */,
				9BE3A0A91EA009FC00F66258 /* Release */,
			);
			defaultConfigurationIsVisible = 0;
			defaultConfigurationName = Release;
		};
		9BE3A0AA1EA009FC00F66258 /* Build configuration list for PBXNativeTarget "CleverVibesTests" */ = {
			isa = XCConfigurationList;
			buildConfigurations = (
				9BE3A0AB1EA009FC00F66258 /* Debug */,
				9BE3A0AC1EA009FC00F66258 /* Release */,
			);
			defaultConfigurationIsVisible = 0;
			defaultConfigurationName = Release;
		};
		9BE3A0AD1EA009FC00F66258 /* Build configuration list for PBXNativeTarget "CleverVibesUITests" */ = {
			isa = XCConfigurationList;
			buildConfigurations = (
				9BE3A0AE1EA009FC00F66258 /* Debug */,
				9BE3A0AF1EA009FC00F66258 /* Release */,
			);
			defaultConfigurationIsVisible = 0;
			defaultConfigurationName = Release;
		};
/* End XCConfigurationList section */

/* Begin XCVersionGroup section */
		9BE3A0861EA009FC00F66258 /* CleverVibes.xcdatamodeld */ = {
			isa = XCVersionGroup;
			children = (
				9BE3A0871EA009FC00F66258 /* CleverVibes.xcdatamodel */,
			);
			currentVersion = 9BE3A0871EA009FC00F66258 /* CleverVibes.xcdatamodel */;
			path = CleverVibes.xcdatamodeld;
			sourceTree = "<group>";
			versionGroupType = wrapper.xcdatamodel;
		};
/* End XCVersionGroup section */
	};
	rootObject = 9BE3A0741EA009FC00F66258 /* Project object */;
}
